
Microsoft Visual Studio Solution File, Format Version 12.00
# Visual Studio Version 16
VisualStudioVersion = 16.0.30320.27
MinimumVisualStudioVersion = 10.0.40219.1
Project("{9A19103F-16F7-4668-BE54-9A1E7A4F7556}") = "Faker", "Faker\Faker.csproj", "{E33582E5-47B0-4878-B45E-442EB0909634}"
EndProject
Project("{9A19103F-16F7-4668-BE54-9A1E7A4F7556}") = "ConsoleTest", "ConsoleTest\ConsoleTest.csproj", "{CDEBBCEE-0D72-438B-A70A-62A58AF8D9E5}"
EndProject
Project("{9A19103F-16F7-4668-BE54-9A1E7A4F7556}") = "Plugins", "Plugins\Plugins.csproj", "{F7A06BD8-9AE2-41BF-BE8E-B7A41D5F779E}"
EndProject
Project("{9A19103F-16F7-4668-BE54-9A1E7A4F7556}") = "FakerTests", "FakerTests\FakerTests.csproj", "{D35FD5C5-FADB-4A60-82BE-141AB6006CA8}"
EndProject
Global
	GlobalSection(SolutionConfigurationPlatforms) = preSolution
		Debug|Any CPU = Debug|Any CPU
		Release|Any CPU = Release|Any CPU
	EndGlobalSection
	GlobalSection(ProjectConfigurationPlatforms) = postSolution
		{E33582E5-47B0-4878-B45E-442EB0909634}.Debug|Any CPU.ActiveCfg = Debug|Any CPU
		{E33582E5-47B0-4878-B45E-442EB0909634}.Debug|Any CPU.Build.0 = Debug|Any CPU
		{E33582E5-47B0-4878-B45E-442EB0909634}.Release|Any CPU.ActiveCfg = Release|Any CPU
		{E33582E5-47B0-4878-B45E-442EB0909634}.Release|Any CPU.Build.0 = Release|Any CPU
		{CDEBBCEE-0D72-438B-A70A-62A58AF8D9E5}.Debug|Any CPU.ActiveCfg = Debug|Any CPU
		{CDEBBCEE-0D72-438B-A70A-62A58AF8D9E5}.Debug|Any CPU.Build.0 = Debug|Any CPU
		{CDEBBCEE-0D72-438B-A70A-62A58AF8D9E5}.Release|Any CPU.ActiveCfg = Release|Any CPU
		{CDEBBCEE-0D72-438B-A70A-62A58AF8D9E5}.Release|Any CPU.Build.0 = Release|Any CPU
		{F7A06BD8-9AE2-41BF-BE8E-B7A41D5F779E}.Debug|Any CPU.ActiveCfg = Debug|Any CPU
		{F7A06BD8-9AE2-41BF-BE8E-B7A41D5F779E}.Debug|Any CPU.Build.0 = Debug|Any CPU
		{F7A06BD8-9AE2-41BF-BE8E-B7A41D5F779E}.Release|Any CPU.ActiveCfg = Release|Any CPU
		{F7A06BD8-9AE2-41BF-BE8E-B7A41D5F779E}.Release|Any CPU.Build.0 = Release|Any CPU
		{D35FD5C5-FADB-4A60-82BE-141AB6006CA8}.Debug|Any CPU.ActiveCfg = Debug|Any CPU
		{D35FD5C5-FADB-4A60-82BE-141AB6006CA8}.Debug|Any CPU.Build.0 = Debug|Any CPU
		{D35FD5C5-FADB-4A60-82BE-141AB6006CA8}.Release|Any CPU.ActiveCfg = Release|Any CPU
		{D35FD5C5-FADB-4A60-82BE-141AB6006CA8}.Release|Any CPU.Build.0 = Release|Any CPU
	EndGlobalSection
	GlobalSection(SolutionProperties) = preSolution
		HideSolutionNode = FALSE
	EndGlobalSection
	GlobalSection(ExtensibilityGlobals) = postSolution
		SolutionGuid = {692E04A7-6B68-4122-97CC-188BD103A633}
	EndGlobalSection
EndGlobal
